// !$*UTF8*$!
{
	archiveVersion = 1;
	classes = {
	};
	objectVersion = 56;
	objects = {

/* Begin PBXBuildFile section */
		5D2C446628FF955D009157C6 /* UserDetailViewController.swift in Sources */ = {isa = PBXBuildFile; fileRef = 5D2C446528FF955D009157C6 /* UserDetailViewController.swift */; };
		5D2C446F28FFFE9A009157C6 /* FavoriteUsersViewController.swift in Sources */ = {isa = PBXBuildFile; fileRef = 5D2C446E28FFFE9A009157C6 /* FavoriteUsersViewController.swift */; };
		5D2C44732901042D009157C6 /* UsersModel.swift in Sources */ = {isa = PBXBuildFile; fileRef = 5D2C44722901042D009157C6 /* UsersModel.swift */; };
		5D2C44772901061D009157C6 /* NetworkManager.swift in Sources */ = {isa = PBXBuildFile; fileRef = 5D2C44762901061D009157C6 /* NetworkManager.swift */; };
		5D2C4479290133FF009157C6 /* RepoModel.swift in Sources */ = {isa = PBXBuildFile; fileRef = 5D2C4478290133FF009157C6 /* RepoModel.swift */; };
		5D2C44A229079751009157C6 /* FavoriteCoreData.xcdatamodeld in Sources */ = {isa = PBXBuildFile; fileRef = 5D2C44A029079751009157C6 /* FavoriteCoreData.xcdatamodeld */; };
		5D2C44A42907BECE009157C6 /* CoreDataManager.swift in Sources */ = {isa = PBXBuildFile; fileRef = 5D2C44A32907BECE009157C6 /* CoreDataManager.swift */; };
		5DAEB1E328FE80BE001690C2 /* AppDelegate.swift in Sources */ = {isa = PBXBuildFile; fileRef = 5DAEB1E228FE80BE001690C2 /* AppDelegate.swift */; };
		5DAEB1E528FE80BE001690C2 /* SceneDelegate.swift in Sources */ = {isa = PBXBuildFile; fileRef = 5DAEB1E428FE80BE001690C2 /* SceneDelegate.swift */; };
		5DAEB1E728FE80BE001690C2 /* ListUserViewController.swift in Sources */ = {isa = PBXBuildFile; fileRef = 5DAEB1E628FE80BE001690C2 /* ListUserViewController.swift */; };
		5DAEB1EA28FE80BE001690C2 /* Main.storyboard in Resources */ = {isa = PBXBuildFile; fileRef = 5DAEB1E828FE80BE001690C2 /* Main.storyboard */; };
		5DAEB1EC28FE80BE001690C2 /* Assets.xcassets in Resources */ = {isa = PBXBuildFile; fileRef = 5DAEB1EB28FE80BE001690C2 /* Assets.xcassets */; };
		5DAEB1EF28FE80BE001690C2 /* LaunchScreen.storyboard in Resources */ = {isa = PBXBuildFile; fileRef = 5DAEB1ED28FE80BE001690C2 /* LaunchScreen.storyboard */; };
		5DAEB20028FE8AA2001690C2 /* UserInfoTableViewCell.swift in Sources */ = {isa = PBXBuildFile; fileRef = 5DAEB1FE28FE8AA2001690C2 /* UserInfoTableViewCell.swift */; };
		5DAEB20128FE8AA2001690C2 /* UserInfoTableViewCell.xib in Resources */ = {isa = PBXBuildFile; fileRef = 5DAEB1FF28FE8AA2001690C2 /* UserInfoTableViewCell.xib */; };
		5DAEB20328FE9031001690C2 /* UserModel.swift in Sources */ = {isa = PBXBuildFile; fileRef = 5DAEB20228FE9031001690C2 /* UserModel.swift */; };
/* End PBXBuildFile section */

/* Begin PBXFileReference section */
		5D2C446528FF955D009157C6 /* UserDetailViewController.swift */ = {isa = PBXFileReference; lastKnownFileType = sourcecode.swift; path = UserDetailViewController.swift; sourceTree = "<group>"; };
		5D2C446E28FFFE9A009157C6 /* FavoriteUsersViewController.swift */ = {isa = PBXFileReference; lastKnownFileType = sourcecode.swift; path = FavoriteUsersViewController.swift; sourceTree = "<group>"; };
		5D2C44722901042D009157C6 /* UsersModel.swift */ = {isa = PBXFileReference; lastKnownFileType = sourcecode.swift; path = UsersModel.swift; sourceTree = "<group>"; };
		5D2C44762901061D009157C6 /* NetworkManager.swift */ = {isa = PBXFileReference; lastKnownFileType = sourcecode.swift; path = NetworkManager.swift; sourceTree = "<group>"; };
		5D2C4478290133FF009157C6 /* RepoModel.swift */ = {isa = PBXFileReference; lastKnownFileType = sourcecode.swift; path = RepoModel.swift; sourceTree = "<group>"; };
		5D2C44A129079751009157C6 /* FavoriteCoreData.xcdatamodel */ = {isa = PBXFileReference; lastKnownFileType = wrapper.xcdatamodel; path = FavoriteCoreData.xcdatamodel; sourceTree = "<group>"; };
		5D2C44A32907BECE009157C6 /* CoreDataManager.swift */ = {isa = PBXFileReference; lastKnownFileType = sourcecode.swift; path = CoreDataManager.swift; sourceTree = "<group>"; };
		5DAEB1DF28FE80BE001690C2 /* ContactManagement.app */ = {isa = PBXFileReference; explicitFileType = wrapper.application; includeInIndex = 0; path = ContactManagement.app; sourceTree = BUILT_PRODUCTS_DIR; };
		5DAEB1E228FE80BE001690C2 /* AppDelegate.swift */ = {isa = PBXFileReference; lastKnownFileType = sourcecode.swift; path = AppDelegate.swift; sourceTree = "<group>"; };
		5DAEB1E428FE80BE001690C2 /* SceneDelegate.swift */ = {isa = PBXFileReference; lastKnownFileType = sourcecode.swift; path = SceneDelegate.swift; sourceTree = "<group>"; };
		5DAEB1E628FE80BE001690C2 /* ListUserViewController.swift */ = {isa = PBXFileReference; lastKnownFileType = sourcecode.swift; path = ListUserViewController.swift; sourceTree = "<group>"; };
		5DAEB1E928FE80BE001690C2 /* Base */ = {isa = PBXFileReference; lastKnownFileType = file.storyboard; name = Base; path = Base.lproj/Main.storyboard; sourceTree = "<group>"; };
		5DAEB1EB28FE80BE001690C2 /* Assets.xcassets */ = {isa = PBXFileReference; lastKnownFileType = folder.assetcatalog; path = Assets.xcassets; sourceTree = "<group>"; };
		5DAEB1EE28FE80BE001690C2 /* Base */ = {isa = PBXFileReference; lastKnownFileType = file.storyboard; name = Base; path = Base.lproj/LaunchScreen.storyboard; sourceTree = "<group>"; };
		5DAEB1F028FE80BE001690C2 /* Info.plist */ = {isa = PBXFileReference; lastKnownFileType = text.plist.xml; path = Info.plist; sourceTree = "<group>"; };
		5DAEB1FE28FE8AA2001690C2 /* UserInfoTableViewCell.swift */ = {isa = PBXFileReference; lastKnownFileType = sourcecode.swift; path = UserInfoTableViewCell.swift; sourceTree = "<group>"; };
		5DAEB1FF28FE8AA2001690C2 /* UserInfoTableViewCell.xib */ = {isa = PBXFileReference; lastKnownFileType = file.xib; path = UserInfoTableViewCell.xib; sourceTree = "<group>"; };
		5DAEB20228FE9031001690C2 /* UserModel.swift */ = {isa = PBXFileReference; lastKnownFileType = sourcecode.swift; path = UserModel.swift; sourceTree = "<group>"; };
/* End PBXFileReference section */

/* Begin PBXFrameworksBuildPhase section */
		5DAEB1DC28FE80BE001690C2 /* Frameworks */ = {
			isa = PBXFrameworksBuildPhase;
			buildActionMask = 2147483647;
			files = (
			);
			runOnlyForDeploymentPostprocessing = 0;
		};
/* End PBXFrameworksBuildPhase section */

/* Begin PBXGroup section */
		5D2C4474290105EC009157C6 /* ViewController */ = {
			isa = PBXGroup;
			children = (
				5D2C446E28FFFE9A009157C6 /* FavoriteUsersViewController.swift */,
				5D2C446528FF955D009157C6 /* UserDetailViewController.swift */,
				5DAEB1E628FE80BE001690C2 /* ListUserViewController.swift */,
			);
			path = ViewController;
			sourceTree = "<group>";
		};
		5D2C447529010602009157C6 /* Manager */ = {
			isa = PBXGroup;
			children = (
				5D2C44762901061D009157C6 /* NetworkManager.swift */,
				5D2C44A32907BECE009157C6 /* CoreDataManager.swift */,
			);
			path = Manager;
			sourceTree = "<group>";
		};
		5DAEB1D628FE80BE001690C2 = {
			isa = PBXGroup;
			children = (
				5DAEB1E128FE80BE001690C2 /* ContactManagement */,
				5DAEB1E028FE80BE001690C2 /* Products */,
			);
			sourceTree = "<group>";
		};
		5DAEB1E028FE80BE001690C2 /* Products */ = {
			isa = PBXGroup;
			children = (
				5DAEB1DF28FE80BE001690C2 /* ContactManagement.app */,
			);
			name = Products;
			sourceTree = "<group>";
		};
		5DAEB1E128FE80BE001690C2 /* ContactManagement */ = {
			isa = PBXGroup;
			children = (
				5D2C447529010602009157C6 /* Manager */,
				5D2C4474290105EC009157C6 /* ViewController */,
				5DAEB1FC28FE8A86001690C2 /* Model */,
				5DAEB1E228FE80BE001690C2 /* AppDelegate.swift */,
				5DAEB1E428FE80BE001690C2 /* SceneDelegate.swift */,
				5DAEB1E828FE80BE001690C2 /* Main.storyboard */,
				5DAEB1EB28FE80BE001690C2 /* Assets.xcassets */,
				5DAEB1ED28FE80BE001690C2 /* LaunchScreen.storyboard */,
				5DAEB1F028FE80BE001690C2 /* Info.plist */,
				5D2C44A029079751009157C6 /* FavoriteCoreData.xcdatamodeld */,
			);
			path = ContactManagement;
			sourceTree = "<group>";
		};
		5DAEB1FC28FE8A86001690C2 /* Model */ = {
			isa = PBXGroup;
			children = (
				5DAEB1FD28FE8A8D001690C2 /* UserInfoCell */,
				5DAEB20228FE9031001690C2 /* UserModel.swift */,
				5D2C44722901042D009157C6 /* UsersModel.swift */,
				5D2C4478290133FF009157C6 /* RepoModel.swift */,
			);
			path = Model;
			sourceTree = "<group>";
		};
		5DAEB1FD28FE8A8D001690C2 /* UserInfoCell */ = {
			isa = PBXGroup;
			children = (
				5DAEB1FE28FE8AA2001690C2 /* UserInfoTableViewCell.swift */,
				5DAEB1FF28FE8AA2001690C2 /* UserInfoTableViewCell.xib */,
			);
			path = UserInfoCell;
			sourceTree = "<group>";
		};
/* End PBXGroup section */

/* Begin PBXNativeTarget section */
		5DAEB1DE28FE80BE001690C2 /* ContactManagement */ = {
			isa = PBXNativeTarget;
			buildConfigurationList = 5DAEB1F328FE80BE001690C2 /* Build configuration list for PBXNativeTarget "ContactManagement" */;
			buildPhases = (
				5DAEB1DB28FE80BE001690C2 /* Sources */,
				5DAEB1DC28FE80BE001690C2 /* Frameworks */,
				5DAEB1DD28FE80BE001690C2 /* Resources */,
			);
			buildRules = (
			);
			dependencies = (
			);
			name = ContactManagement;
			productName = ContactManagement;
			productReference = 5DAEB1DF28FE80BE001690C2 /* ContactManagement.app */;
			productType = "com.apple.product-type.application";
		};
/* End PBXNativeTarget section */

/* Begin PBXProject section */
		5DAEB1D728FE80BE001690C2 /* Project object */ = {
			isa = PBXProject;
			attributes = {
				BuildIndependentTargetsInParallel = 1;
				LastSwiftUpdateCheck = 1400;
				LastUpgradeCheck = 1400;
				TargetAttributes = {
					5DAEB1DE28FE80BE001690C2 = {
						CreatedOnToolsVersion = 14.0.1;
					};
				};
			};
			buildConfigurationList = 5DAEB1DA28FE80BE001690C2 /* Build configuration list for PBXProject "ContactManagement" */;
			compatibilityVersion = "Xcode 14.0";
			developmentRegion = en;
			hasScannedForEncodings = 0;
			knownRegions = (
				en,
				Base,
			);
			mainGroup = 5DAEB1D628FE80BE001690C2;
			productRefGroup = 5DAEB1E028FE80BE001690C2 /* Products */;
			projectDirPath = "";
			projectRoot = "";
			targets = (
				5DAEB1DE28FE80BE001690C2 /* ContactManagement */,
			);
		};
/* End PBXProject section */

/* Begin PBXResourcesBuildPhase section */
		5DAEB1DD28FE80BE001690C2 /* Resources */ = {
			isa = PBXResourcesBuildPhase;
			buildActionMask = 2147483647;
			files = (
				5DAEB20128FE8AA2001690C2 /* UserInfoTableViewCell.xib in Resources */,
				5DAEB1EF28FE80BE001690C2 /* LaunchScreen.storyboard in Resources */,
				5DAEB1EC28FE80BE001690C2 /* Assets.xcassets in Resources */,
				5DAEB1EA28FE80BE001690C2 /* Main.storyboard in Resources */,
			);
			runOnlyForDeploymentPostprocessing = 0;
		};
/* End PBXResourcesBuildPhase section */

/* Begin PBXSourcesBuildPhase section */
		5DAEB1DB28FE80BE001690C2 /* Sources */ = {
			isa = PBXSourcesBuildPhase;
			buildActionMask = 2147483647;
			files = (
				5D2C44A229079751009157C6 /* FavoriteCoreData.xcdatamodeld in Sources */,
				5D2C44772901061D009157C6 /* NetworkManager.swift in Sources */,
				5DAEB20028FE8AA2001690C2 /* UserInfoTableViewCell.swift in Sources */,
				5DAEB1E728FE80BE001690C2 /* ListUserViewController.swift in Sources */,
				5D2C446628FF955D009157C6 /* UserDetailViewController.swift in Sources */,
				5DAEB1E328FE80BE001690C2 /* AppDelegate.swift in Sources */,
				5D2C44A42907BECE009157C6 /* CoreDataManager.swift in Sources */,
				5DAEB20328FE9031001690C2 /* UserModel.swift in Sources */,
				5DAEB1E528FE80BE001690C2 /* SceneDelegate.swift in Sources */,
				5D2C4479290133FF009157C6 /* RepoModel.swift in Sources */,
				5D2C44732901042D009157C6 /* UsersModel.swift in Sources */,
				5D2C446F28FFFE9A009157C6 /* FavoriteUsersViewController.swift in Sources */,
			);
			runOnlyForDeploymentPostprocessing = 0;
		};
/* End PBXSourcesBuildPhase section */

/* Begin PBXVariantGroup section */
		5DAEB1E828FE80BE001690C2 /* Main.storyboard */ = {
			isa = PBXVariantGroup;
			children = (
				5DAEB1E928FE80BE001690C2 /* Base */,
			);
			name = Main.storyboard;
			sourceTree = "<group>";
		};
		5DAEB1ED28FE80BE001690C2 /* LaunchScreen.storyboard */ = {
			isa = PBXVariantGroup;
			children = (
				5DAEB1EE28FE80BE001690C2 /* Base */,
			);
			name = LaunchScreen.storyboard;
			sourceTree = "<group>";
		};
/* End PBXVariantGroup section */

/* Begin XCBuildConfiguration section */
		5DAEB1F128FE80BE001690C2 /* Debug */ = {
			isa = XCBuildConfiguration;
			buildSettings = {
				ALWAYS_SEARCH_USER_PATHS = NO;
				CLANG_ANALYZER_NONNULL = YES;
				CLANG_ANALYZER_NUMBER_OBJECT_CONVERSION = YES_AGGRESSIVE;
				CLANG_CXX_LANGUAGE_STANDARD = "gnu++20";
				CLANG_ENABLE_MODULES = YES;
				CLANG_ENABLE_OBJC_ARC = YES;
				CLANG_ENABLE_OBJC_WEAK = YES;
				CLANG_WARN_BLOCK_CAPTURE_AUTORELEASING = YES;
				CLANG_WARN_BOOL_CONVERSION = YES;
				CLANG_WARN_COMMA = YES;
				CLANG_WARN_CONSTANT_CONVERSION = YES;
				CLANG_WARN_DEPRECATED_OBJC_IMPLEMENTATIONS = YES;
				CLANG_WARN_DIRECT_OBJC_ISA_USAGE = YES_ERROR;
				CLANG_WARN_DOCUMENTATION_COMMENTS = YES;
				CLANG_WARN_EMPTY_BODY = YES;
				CLANG_WARN_ENUM_CONVERSION = YES;
				CLANG_WARN_INFINITE_RECURSION = YES;
				CLANG_WARN_INT_CONVERSION = YES;
				CLANG_WARN_NON_LITERAL_NULL_CONVERSION = YES;
				CLANG_WARN_OBJC_IMPLICIT_RETAIN_SELF = YES;
				CLANG_WARN_OBJC_LITERAL_CONVERSION = YES;
				CLANG_WARN_OBJC_ROOT_CLASS = YES_ERROR;
				CLANG_WARN_QUOTED_INCLUDE_IN_FRAMEWORK_HEADER = YES;
				CLANG_WARN_RANGE_LOOP_ANALYSIS = YES;
				CLANG_WARN_STRICT_PROTOTYPES = YES;
				CLANG_WARN_SUSPICIOUS_MOVE = YES;
				CLANG_WARN_UNGUARDED_AVAILABILITY = YES_AGGRESSIVE;
				CLANG_WARN_UNREACHABLE_CODE = YES;
				CLANG_WARN__DUPLICATE_METHOD_MATCH = YES;
				COPY_PHASE_STRIP = NO;
				DEBUG_INFORMATION_FORMAT = dwarf;
				ENABLE_STRICT_OBJC_MSGSEND = YES;
				ENABLE_TESTABILITY = YES;
				GCC_C_LANGUAGE_STANDARD = gnu11;
				GCC_DYNAMIC_NO_PIC = NO;
				GCC_NO_COMMON_BLOCKS = YES;
				GCC_OPTIMIZATION_LEVEL = 0;
				GCC_PREPROCESSOR_DEFINITIONS = (
					"DEBUG=1",
					"$(inherited)",
				);
				GCC_WARN_64_TO_32_BIT_CONVERSION = YES;
				GCC_WARN_ABOUT_RETURN_TYPE = YES_ERROR;
				GCC_WARN_UNDECLARED_SELECTOR = YES;
				GCC_WARN_UNINITIALIZED_AUTOS = YES_AGGRESSIVE;
				GCC_WARN_UNUSED_FUNCTION = YES;
				GCC_WARN_UNUSED_VARIABLE = YES;
				IPHONEOS_DEPLOYMENT_TARGET = 16.0;
				MTL_ENABLE_DEBUG_INFO = INCLUDE_SOURCE;
				MTL_FAST_MATH = YES;
				ONLY_ACTIVE_ARCH = YES;
				SDKROOT = iphoneos;
				SWIFT_ACTIVE_COMPILATION_CONDITIONS = DEBUG;
				SWIFT_OPTIMIZATION_LEVEL = "-Onone";
			};
			name = Debug;
		};
		5DAEB1F228FE80BE001690C2 /* Release */ = {
			isa = XCBuildConfiguration;
			buildSettings = {
				ALWAYS_SEARCH_USER_PATHS = NO;
				CLANG_ANALYZER_NONNULL = YES;
				CLANG_ANALYZER_NUMBER_OBJECT_CONVERSION = YES_AGGRESSIVE;
				CLANG_CXX_LANGUAGE_STANDARD = "gnu++20";
				CLANG_ENABLE_MODULES = YES;
				CLANG_ENABLE_OBJC_ARC = YES;
				CLANG_ENABLE_OBJC_WEAK = YES;
				CLANG_WARN_BLOCK_CAPTURE_AUTORELEASING = YES;
				CLANG_WARN_BOOL_CONVERSION = YES;
				CLANG_WARN_COMMA = YES;
				CLANG_WARN_CONSTANT_CONVERSION = YES;
				CLANG_WARN_DEPRECATED_OBJC_IMPLEMENTATIONS = YES;
				CLANG_WARN_DIRECT_OBJC_ISA_USAGE = YES_ERROR;
				CLANG_WARN_DOCUMENTATION_COMMENTS = YES;
				CLANG_WARN_EMPTY_BODY = YES;
				CLANG_WARN_ENUM_CONVERSION = YES;
				CLANG_WARN_INFINITE_RECURSION = YES;
				CLANG_WARN_INT_CONVERSION = YES;
				CLANG_WARN_NON_LITERAL_NULL_CONVERSION = YES;
				CLANG_WARN_OBJC_IMPLICIT_RETAIN_SELF = YES;
				CLANG_WARN_OBJC_LITERAL_CONVERSION = YES;
				CLANG_WARN_OBJC_ROOT_CLASS = YES_ERROR;
				CLANG_WARN_QUOTED_INCLUDE_IN_FRAMEWORK_HEADER = YES;
				CLANG_WARN_RANGE_LOOP_ANALYSIS = YES;
				CLANG_WARN_STRICT_PROTOTYPES = YES;
				CLANG_WARN_SUSPICIOUS_MOVE = YES;
				CLANG_WARN_UNGUARDED_AVAILABILITY = YES_AGGRESSIVE;
				CLANG_WARN_UNREACHABLE_CODE = YES;
				CLANG_WARN__DUPLICATE_METHOD_MATCH = YES;
				COPY_PHASE_STRIP = NO;
				DEBUG_INFORMATION_FORMAT = "dwarf-with-dsym";
				ENABLE_NS_ASSERTIONS = NO;
				ENABLE_STRICT_OBJC_MSGSEND = YES;
				GCC_C_LANGUAGE_STANDARD = gnu11;
				GCC_NO_COMMON_BLOCKS = YES;
				GCC_WARN_64_TO_32_BIT_CONVERSION = YES;
				GCC_WARN_ABOUT_RETURN_TYPE = YES_ERROR;
				GCC_WARN_UNDECLARED_SELECTOR = YES;
				GCC_WARN_UNINITIALIZED_AUTOS = YES_AGGRESSIVE;
				GCC_WARN_UNUSED_FUNCTION = YES;
				GCC_WARN_UNUSED_VARIABLE = YES;
				IPHONEOS_DEPLOYMENT_TARGET = 16.0;
				MTL_ENABLE_DEBUG_INFO = NO;
				MTL_FAST_MATH = YES;
				SDKROOT = iphoneos;
				SWIFT_COMPILATION_MODE = wholemodule;
				SWIFT_OPTIMIZATION_LEVEL = "-O";
				VALIDATE_PRODUCT = YES;
			};
			name = Release;
		};
		5DAEB1F428FE80BE001690C2 /* Debug */ = {
			isa = XCBuildConfiguration;
			buildSettings = {
				ASSETCATALOG_COMPILER_APPICON_NAME = AppIcon;
				ASSETCATALOG_COMPILER_GLOBAL_ACCENT_COLOR_NAME = AccentColor;
				CODE_SIGN_STYLE = Automatic;
				CURRENT_PROJECT_VERSION = 1;
				DEVELOPMENT_TEAM = 295TC7FJW5;
				GENERATE_INFOPLIST_FILE = YES;
				INFOPLIST_FILE = ContactManagement/Info.plist;
				INFOPLIST_KEY_UIApplicationSupportsIndirectInputEvents = YES;
				INFOPLIST_KEY_UILaunchStoryboardName = LaunchScreen;
				INFOPLIST_KEY_UIMainStoryboardFile = Main;
				INFOPLIST_KEY_UISupportedInterfaceOrientations_iPad = "UIInterfaceOrientationPortrait UIInterfaceOrientationPortraitUpsideDown UIInterfaceOrientationLandscapeLeft UIInterfaceOrientationLandscapeRight";
				INFOPLIST_KEY_UISupportedInterfaceOrientations_iPhone = "UIInterfaceOrientationPortrait UIInterfaceOrientationLandscapeLeft UIInterfaceOrientationLandscapeRight";
				LD_RUNPATH_SEARCH_PATHS = (
					"$(inherited)",
					"@executable_path/Frameworks",
				);
				MARKETING_VERSION = 1.0;
				PRODUCT_BUNDLE_IDENTIFIER = "com.sun-asterisk.ContactManagement";
				PRODUCT_NAME = "$(TARGET_NAME)";
				SWIFT_EMIT_LOC_STRINGS = YES;
				SWIFT_VERSION = 5.0;
				TARGETED_DEVICE_FAMILY = "1,2";
			};
			name = Debug;
		};
		5DAEB1F528FE80BE001690C2 /* Release */ = {
			isa = XCBuildConfiguration;
			buildSettings = {
				ASSETCATALOG_COMPILER_APPICON_NAME = AppIcon;
				ASSETCATALOG_COMPILER_GLOBAL_ACCENT_COLOR_NAME = AccentColor;
				CODE_SIGN_STYLE = Automatic;
				CURRENT_PROJECT_VERSION = 1;
				DEVELOPMENT_TEAM = 295TC7FJW5;
				GENERATE_INFOPLIST_FILE = YES;
				INFOPLIST_FILE = ContactManagement/Info.plist;
				INFOPLIST_KEY_UIApplicationSupportsIndirectInputEvents = YES;
				INFOPLIST_KEY_UILaunchStoryboardName = LaunchScreen;
				INFOPLIST_KEY_UIMainStoryboardFile = Main;
				INFOPLIST_KEY_UISupportedInterfaceOrientations_iPad = "UIInterfaceOrientationPortrait UIInterfaceOrientationPortraitUpsideDown UIInterfaceOrientationLandscapeLeft UIInterfaceOrientationLandscapeRight";
				INFOPLIST_KEY_UISupportedInterfaceOrientations_iPhone = "UIInterfaceOrientationPortrait UIInterfaceOrientationLandscapeLeft UIInterfaceOrientationLandscapeRight";
				LD_RUNPATH_SEARCH_PATHS = (
					"$(inherited)",
					"@executable_path/Frameworks",
				);
				MARKETING_VERSION = 1.0;
				PRODUCT_BUNDLE_IDENTIFIER = "com.sun-asterisk.ContactManagement";
				PRODUCT_NAME = "$(TARGET_NAME)";
				SWIFT_EMIT_LOC_STRINGS = YES;
				SWIFT_VERSION = 5.0;
				TARGETED_DEVICE_FAMILY = "1,2";
			};
			name = Release;
		};
/* End XCBuildConfiguration section */

/* Begin XCConfigurationList section */
		5DAEB1DA28FE80BE001690C2 /* Build configuration list for PBXProject "ContactManagement" */ = {
			isa = XCConfigurationList;
			buildConfigurations = (
				5DAEB1F128FE80BE001690C2 /* Debug */,
				5DAEB1F228FE80BE001690C2 /* Release */,
			);
			defaultConfigurationIsVisible = 0;
			defaultConfigurationName = Release;
		};
		5DAEB1F328FE80BE001690C2 /* Build configuration list for PBXNativeTarget "ContactManagement" */ = {
			isa = XCConfigurationList;
			buildConfigurations = (
				5DAEB1F428FE80BE001690C2 /* Debug */,
				5DAEB1F528FE80BE001690C2 /* Release */,
			);
			defaultConfigurationIsVisible = 0;
			defaultConfigurationName = Release;
		};
/* End XCConfigurationList section */

/* Begin XCVersionGroup section */
		5D2C44A029079751009157C6 /* FavoriteCoreData.xcdatamodeld */ = {
			isa = XCVersionGroup;
			children = (
				5D2C44A129079751009157C6 /* FavoriteCoreData.xcdatamodel */,
			);
			currentVersion = 5D2C44A129079751009157C6 /* FavoriteCoreData.xcdatamodel */;
			path = FavoriteCoreData.xcdatamodeld;
			sourceTree = "<group>";
			versionGroupType = wrapper.xcdatamodel;
		};
/* End XCVersionGroup section */
	};
	rootObject = 5DAEB1D728FE80BE001690C2 /* Project object */;
}
